
Microsoft Visual Studio Solution File, Format Version 12.00
# Visual Studio Version 17
VisualStudioVersion = 17.7.34031.279
MinimumVisualStudioVersion = 10.0.40219.1
Project("{FAE04EC0-301F-11D3-BF4B-00C04F79EFBC}") = "Projeto_Alura", "Projeto_Alura.csproj", "{A49D007D-A3C6-4443-8129-602C777AB39C}"
EndProject
Global
	GlobalSection(SolutionConfigurationPlatforms) = preSolution
		Debug|Any CPU = Debug|Any CPU
		Release|Any CPU = Release|Any CPU
	EndGlobalSection
	GlobalSection(ProjectConfigurationPlatforms) = postSolution
		{A49D007D-A3C6-4443-8129-602C777AB39C}.Debug|Any CPU.ActiveCfg = Debug|Any CPU
		{A49D007D-A3C6-4443-8129-602C777AB39C}.Debug|Any CPU.Build.0 = Debug|Any CPU
		{A49D007D-A3C6-4443-8129-602C777AB39C}.Release|Any CPU.ActiveCfg = Release|Any CPU
		{A49D007D-A3C6-4443-8129-602C777AB39C}.Release|Any CPU.Build.0 = Release|Any CPU
	EndGlobalSection
	GlobalSection(SolutionProperties) = preSolution
		HideSolutionNode = FALSE
	EndGlobalSection
	GlobalSection(ExtensibilityGlobals) = postSolution
		SolutionGuid = {DA160AD3-0D13-4196-9F10-1376887A5655}
	EndGlobalSection
EndGlobal
